// !$*UTF8*$!
{
	archiveVersion = 1;
	classes = {
	};
	objectVersion = 50;
	objects = {

/* Begin PBXBuildFile section */
		ED3773EC25DC3F0F0093C34B /* LebronJamesStats.json in Resources */ = {isa = PBXBuildFile; fileRef = ED3773EB25DC3F0F0093C34B /* LebronJamesStats.json */; };
		ED3773EF25DC42110093C34B /* PlayerModel.swift in Sources */ = {isa = PBXBuildFile; fileRef = ED3773EE25DC42110093C34B /* PlayerModel.swift */; };
		ED3773F225DC42380093C34B /* DataService.swift in Sources */ = {isa = PBXBuildFile; fileRef = ED3773F125DC42380093C34B /* DataService.swift */; };
		ED3773F625DC424C0093C34B /* Player.swift in Sources */ = {isa = PBXBuildFile; fileRef = ED3773F525DC424C0093C34B /* Player.swift */; };
		ED3773FC25DC45BA0093C34B /* PlayerListView.swift in Sources */ = {isa = PBXBuildFile; fileRef = ED3773FB25DC45BA0093C34B /* PlayerListView.swift */; };
		ED37740025DC50180093C34B /* PlayerStatsView.swift in Sources */ = {isa = PBXBuildFile; fileRef = ED3773FF25DC50180093C34B /* PlayerStatsView.swift */; };
		EDA3457125D3440F0007725F /* BasketballCardsApp.swift in Sources */ = {isa = PBXBuildFile; fileRef = EDA3457025D3440F0007725F /* BasketballCardsApp.swift */; };
		EDA3457325D3440F0007725F /* PlayerTabView.swift in Sources */ = {isa = PBXBuildFile; fileRef = EDA3457225D3440F0007725F /* PlayerTabView.swift */; };
		EDA3457525D344100007725F /* Assets.xcassets in Resources */ = {isa = PBXBuildFile; fileRef = EDA3457425D344100007725F /* Assets.xcassets */; };
		EDA3457825D344100007725F /* Preview Assets.xcassets in Resources */ = {isa = PBXBuildFile; fileRef = EDA3457725D344100007725F /* Preview Assets.xcassets */; };
/* End PBXBuildFile section */

/* Begin PBXFileReference section */
		ED3773EB25DC3F0F0093C34B /* LebronJamesStats.json */ = {isa = PBXFileReference; fileEncoding = 4; lastKnownFileType = text.json; path = LebronJamesStats.json; sourceTree = "<group>"; };
		ED3773EE25DC42110093C34B /* PlayerModel.swift */ = {isa = PBXFileReference; lastKnownFileType = sourcecode.swift; path = PlayerModel.swift; sourceTree = "<group>"; };
		ED3773F125DC42380093C34B /* DataService.swift */ = {isa = PBXFileReference; lastKnownFileType = sourcecode.swift; path = DataService.swift; sourceTree = "<group>"; };
		ED3773F525DC424C0093C34B /* Player.swift */ = {isa = PBXFileReference; lastKnownFileType = sourcecode.swift; path = Player.swift; sourceTree = "<group>"; };
		ED3773FB25DC45BA0093C34B /* PlayerListView.swift */ = {isa = PBXFileReference; lastKnownFileType = sourcecode.swift; path = PlayerListView.swift; sourceTree = "<group>"; };
		ED3773FF25DC50180093C34B /* PlayerStatsView.swift */ = {isa = PBXFileReference; lastKnownFileType = sourcecode.swift; path = PlayerStatsView.swift; sourceTree = "<group>"; };
		EDA3456D25D3440F0007725F /* BasketballCards.app */ = {isa = PBXFileReference; explicitFileType = wrapper.application; includeInIndex = 0; path = BasketballCards.app; sourceTree = BUILT_PRODUCTS_DIR; };
		EDA3457025D3440F0007725F /* BasketballCardsApp.swift */ = {isa = PBXFileReference; lastKnownFileType = sourcecode.swift; path = BasketballCardsApp.swift; sourceTree = "<group>"; };
		EDA3457225D3440F0007725F /* PlayerTabView.swift */ = {isa = PBXFileReference; lastKnownFileType = sourcecode.swift; path = PlayerTabView.swift; sourceTree = "<group>"; };
		EDA3457425D344100007725F /* Assets.xcassets */ = {isa = PBXFileReference; lastKnownFileType = folder.assetcatalog; path = Assets.xcassets; sourceTree = "<group>"; };
		EDA3457725D344100007725F /* Preview Assets.xcassets */ = {isa = PBXFileReference; lastKnownFileType = folder.assetcatalog; path = "Preview Assets.xcassets"; sourceTree = "<group>"; };
		EDA3457925D344100007725F /* Info.plist */ = {isa = PBXFileReference; lastKnownFileType = text.plist.xml; path = Info.plist; sourceTree = "<group>"; };
/* End PBXFileReference section */

/* Begin PBXFrameworksBuildPhase section */
		EDA3456A25D3440F0007725F /* Frameworks */ = {
			isa = PBXFrameworksBuildPhase;
			buildActionMask = 2147483647;
			files = (
			);
			runOnlyForDeploymentPostprocessing = 0;
		};
/* End PBXFrameworksBuildPhase section */

/* Begin PBXGroup section */
		ED3773E325DC3EC80093C34B /* Data */ = {
			isa = PBXGroup;
			children = (
				ED3773EB25DC3F0F0093C34B /* LebronJamesStats.json */,
			);
			path = Data;
			sourceTree = "<group>";
		};
		ED3773E425DC3ECC0093C34B /* Services */ = {
			isa = PBXGroup;
			children = (
				ED3773F125DC42380093C34B /* DataService.swift */,
			);
			path = Services;
			sourceTree = "<group>";
		};
		ED3773E525DC3ED30093C34B /* Models */ = {
			isa = PBXGroup;
			children = (
				ED3773F525DC424C0093C34B /* Player.swift */,
			);
			path = Models;
			sourceTree = "<group>";
		};
		ED3773E625DC3EDC0093C34B /* ViewModels */ = {
			isa = PBXGroup;
			children = (
				ED3773EE25DC42110093C34B /* PlayerModel.swift */,
			);
			path = ViewModels;
			sourceTree = "<group>";
		};
		ED3773E725DC3EE70093C34B /* Views */ = {
			isa = PBXGroup;
			children = (
				EDA3457225D3440F0007725F /* PlayerTabView.swift */,
				ED3773FB25DC45BA0093C34B /* PlayerListView.swift */,
				ED3773FF25DC50180093C34B /* PlayerStatsView.swift */,
			);
			path = Views;
			sourceTree = "<group>";
		};
		EDA3456425D3440F0007725F = {
			isa = PBXGroup;
			children = (
				EDA3456F25D3440F0007725F /* BasketballCards */,
				EDA3456E25D3440F0007725F /* Products */,
			);
			sourceTree = "<group>";
		};
		EDA3456E25D3440F0007725F /* Products */ = {
			isa = PBXGroup;
			children = (
				EDA3456D25D3440F0007725F /* BasketballCards.app */,
			);
			name = Products;
			sourceTree = "<group>";
		};
		EDA3456F25D3440F0007725F /* BasketballCards */ = {
			isa = PBXGroup;
			children = (
				EDA3457025D3440F0007725F /* BasketballCardsApp.swift */,
				ED3773E725DC3EE70093C34B /* Views */,
				ED3773E625DC3EDC0093C34B /* ViewModels */,
				ED3773E525DC3ED30093C34B /* Models */,
				ED3773E425DC3ECC0093C34B /* Services */,
				ED3773E325DC3EC80093C34B /* Data */,
				EDA3457425D344100007725F /* Assets.xcassets */,
				EDA3457925D344100007725F /* Info.plist */,
				EDA3457625D344100007725F /* Preview Content */,
			);
			path = BasketballCards;
			sourceTree = "<group>";
		};
		EDA3457625D344100007725F /* Preview Content */ = {
			isa = PBXGroup;
			children = (
				EDA3457725D344100007725F /* Preview Assets.xcassets */,
			);
			path = "Preview Content";
			sourceTree = "<group>";
		};
/* End PBXGroup section */

/* Begin PBXNativeTarget section */
		EDA3456C25D3440F0007725F /* BasketballCards */ = {
			isa = PBXNativeTarget;
			buildConfigurationList = EDA3457C25D344100007725F /* Build configuration list for PBXNativeTarget "BasketballCards" */;
			buildPhases = (
				EDA3456925D3440F0007725F /* Sources */,
				EDA3456A25D3440F0007725F /* Frameworks */,
				EDA3456B25D3440F0007725F /* Resources */,
			);
			buildRules = (
			);
			dependencies = (
			);
			name = BasketballCards;
			productName = BasketballCards;
			productReference = EDA3456D25D3440F0007725F /* BasketballCards.app */;
			productType = "com.apple.product-type.application";
		};
/* End PBXNativeTarget section */

/* Begin PBXProject section */
		EDA3456525D3440F0007725F /* Project object */ = {
			isa = PBXProject;
			attributes = {
				LastSwiftUpdateCheck = 1240;
				LastUpgradeCheck = 1240;
				TargetAttributes = {
					EDA3456C25D3440F0007725F = {
						CreatedOnToolsVersion = 12.4;
					};
				};
			};
			buildConfigurationList = EDA3456825D3440F0007725F /* Build configuration list for PBXProject "BasketballCards" */;
			compatibilityVersion = "Xcode 9.3";
			developmentRegion = en;
			hasScannedForEncodings = 0;
			knownRegions = (
				en,
				Base,
			);
			mainGroup = EDA3456425D3440F0007725F;
			productRefGroup = EDA3456E25D3440F0007725F /* Products */;
			projectDirPath = "";
			projectRoot = "";
			targets = (
				EDA3456C25D3440F0007725F /* BasketballCards */,
			);
		};
/* End PBXProject section */

/* Begin PBXResourcesBuildPhase section */
		EDA3456B25D3440F0007725F /* Resources */ = {
			isa = PBXResourcesBuildPhase;
			buildActionMask = 2147483647;
			files = (
				EDA3457825D344100007725F /* Preview Assets.xcassets in Resources */,
				EDA3457525D344100007725F /* Assets.xcassets in Resources */,
				ED3773EC25DC3F0F0093C34B /* LebronJamesStats.json in Resources */,
			);
			runOnlyForDeploymentPostprocessing = 0;
		};
/* End PBXResourcesBuildPhase section */

/* Begin PBXSourcesBuildPhase section */
		EDA3456925D3440F0007725F /* Sources */ = {
			isa = PBXSourcesBuildPhase;
			buildActionMask = 2147483647;
			files = (
				ED3773EF25DC42110093C34B /* PlayerModel.swift in Sources */,
				ED3773FC25DC45BA0093C34B /* PlayerListView.swift in Sources */,
				EDA3457325D3440F0007725F /* PlayerTabView.swift in Sources */,
				EDA3457125D3440F0007725F /* BasketballCardsApp.swift in Sources */,
				ED3773F625DC424C0093C34B /* Player.swift in Sources */,
				ED3773F225DC42380093C34B /* DataService.swift in Sources */,
				ED37740025DC50180093C34B /* PlayerStatsView.swift in Sources */,
			);
			runOnlyForDeploymentPostprocessing = 0;
		};
/* End PBXSourcesBuildPhase section */

/* Begin XCBuildConfiguration section */
		EDA3457A25D344100007725F /* Debug */ = {
			isa = XCBuildConfiguration;
			buildSettings = {
				ALWAYS_SEARCH_USER_PATHS = NO;
				CLANG_ANALYZER_NONNULL = YES;
				CLANG_ANALYZER_NUMBER_OBJECT_CONVERSION = YES_AGGRESSIVE;
				CLANG_CXX_LANGUAGE_STANDARD = "gnu++14";
				CLANG_CXX_LIBRARY = "libc++";
				CLANG_ENABLE_MODULES = YES;
				CLANG_ENABLE_OBJC_ARC = YES;
				CLANG_ENABLE_OBJC_WEAK = YES;
				CLANG_WARN_BLOCK_CAPTURE_AUTORELEASING = YES;
				CLANG_WARN_BOOL_CONVERSION = YES;
				CLANG_WARN_COMMA = YES;
				CLANG_WARN_CONSTANT_CONVERSION = YES;
				CLANG_WARN_DEPRECATED_OBJC_IMPLEMENTATIONS = YES;
				CLANG_WARN_DIRECT_OBJC_ISA_USAGE = YES_ERROR;
				CLANG_WARN_DOCUMENTATION_COMMENTS = YES;
				CLANG_WARN_EMPTY_BODY = YES;
				CLANG_WARN_ENUM_CONVERSION = YES;
				CLANG_WARN_INFINITE_RECURSION = YES;
				CLANG_WARN_INT_CONVERSION = YES;
				CLANG_WARN_NON_LITERAL_NULL_CONVERSION = YES;
				CLANG_WARN_OBJC_IMPLICIT_RETAIN_SELF = YES;
				CLANG_WARN_OBJC_LITERAL_CONVERSION = YES;
				CLANG_WARN_OBJC_ROOT_CLASS = YES_ERROR;
				CLANG_WARN_QUOTED_INCLUDE_IN_FRAMEWORK_HEADER = YES;
				CLANG_WARN_RANGE_LOOP_ANALYSIS = YES;
				CLANG_WARN_STRICT_PROTOTYPES = YES;
				CLANG_WARN_SUSPICIOUS_MOVE = YES;
				CLANG_WARN_UNGUARDED_AVAILABILITY = YES_AGGRESSIVE;
				CLANG_WARN_UNREACHABLE_CODE = YES;
				CLANG_WARN__DUPLICATE_METHOD_MATCH = YES;
				COPY_PHASE_STRIP = NO;
				DEBUG_INFORMATION_FORMAT = dwarf;
				ENABLE_STRICT_OBJC_MSGSEND = YES;
				ENABLE_TESTABILITY = YES;
				GCC_C_LANGUAGE_STANDARD = gnu11;
				GCC_DYNAMIC_NO_PIC = NO;
				GCC_NO_COMMON_BLOCKS = YES;
				GCC_OPTIMIZATION_LEVEL = 0;
				GCC_PREPROCESSOR_DEFINITIONS = (
					"DEBUG=1",
					"$(inherited)",
				);
				GCC_WARN_64_TO_32_BIT_CONVERSION = YES;
				GCC_WARN_ABOUT_RETURN_TYPE = YES_ERROR;
				GCC_WARN_UNDECLARED_SELECTOR = YES;
				GCC_WARN_UNINITIALIZED_AUTOS = YES_AGGRESSIVE;
				GCC_WARN_UNUSED_FUNCTION = YES;
				GCC_WARN_UNUSED_VARIABLE = YES;
				IPHONEOS_DEPLOYMENT_TARGET = 14.4;
				MTL_ENABLE_DEBUG_INFO = INCLUDE_SOURCE;
				MTL_FAST_MATH = YES;
				ONLY_ACTIVE_ARCH = YES;
				SDKROOT = iphoneos;
				SWIFT_ACTIVE_COMPILATION_CONDITIONS = DEBUG;
				SWIFT_OPTIMIZATION_LEVEL = "-Onone";
			};
			name = Debug;
		};
		EDA3457B25D344100007725F /* Release */ = {
			isa = XCBuildConfiguration;
			buildSettings = {
				ALWAYS_SEARCH_USER_PATHS = NO;
				CLANG_ANALYZER_NONNULL = YES;
				CLANG_ANALYZER_NUMBER_OBJECT_CONVERSION = YES_AGGRESSIVE;
				CLANG_CXX_LANGUAGE_STANDARD = "gnu++14";
				CLANG_CXX_LIBRARY = "libc++";
				CLANG_ENABLE_MODULES = YES;
				CLANG_ENABLE_OBJC_ARC = YES;
				CLANG_ENABLE_OBJC_WEAK = YES;
				CLANG_WARN_BLOCK_CAPTURE_AUTORELEASING = YES;
				CLANG_WARN_BOOL_CONVERSION = YES;
				CLANG_WARN_COMMA = YES;
				CLANG_WARN_CONSTANT_CONVERSION = YES;
				CLANG_WARN_DEPRECATED_OBJC_IMPLEMENTATIONS = YES;
				CLANG_WARN_DIRECT_OBJC_ISA_USAGE = YES_ERROR;
				CLANG_WARN_DOCUMENTATION_COMMENTS = YES;
				CLANG_WARN_EMPTY_BODY = YES;
				CLANG_WARN_ENUM_CONVERSION = YES;
				CLANG_WARN_INFINITE_RECURSION = YES;
				CLANG_WARN_INT_CONVERSION = YES;
				CLANG_WARN_NON_LITERAL_NULL_CONVERSION = YES;
				CLANG_WARN_OBJC_IMPLICIT_RETAIN_SELF = YES;
				CLANG_WARN_OBJC_LITERAL_CONVERSION = YES;
				CLANG_WARN_OBJC_ROOT_CLASS = YES_ERROR;
				CLANG_WARN_QUOTED_INCLUDE_IN_FRAMEWORK_HEADER = YES;
				CLANG_WARN_RANGE_LOOP_ANALYSIS = YES;
				CLANG_WARN_STRICT_PROTOTYPES = YES;
				CLANG_WARN_SUSPICIOUS_MOVE = YES;
				CLANG_WARN_UNGUARDED_AVAILABILITY = YES_AGGRESSIVE;
				CLANG_WARN_UNREACHABLE_CODE = YES;
				CLANG_WARN__DUPLICATE_METHOD_MATCH = YES;
				COPY_PHASE_STRIP = NO;
				DEBUG_INFORMATION_FORMAT = "dwarf-with-dsym";
				ENABLE_NS_ASSERTIONS = NO;
				ENABLE_STRICT_OBJC_MSGSEND = YES;
				GCC_C_LANGUAGE_STANDARD = gnu11;
				GCC_NO_COMMON_BLOCKS = YES;
				GCC_WARN_64_TO_32_BIT_CONVERSION = YES;
				GCC_WARN_ABOUT_RETURN_TYPE = YES_ERROR;
				GCC_WARN_UNDECLARED_SELECTOR = YES;
				GCC_WARN_UNINITIALIZED_AUTOS = YES_AGGRESSIVE;
				GCC_WARN_UNUSED_FUNCTION = YES;
				GCC_WARN_UNUSED_VARIABLE = YES;
				IPHONEOS_DEPLOYMENT_TARGET = 14.4;
				MTL_ENABLE_DEBUG_INFO = NO;
				MTL_FAST_MATH = YES;
				SDKROOT = iphoneos;
				SWIFT_COMPILATION_MODE = wholemodule;
				SWIFT_OPTIMIZATION_LEVEL = "-O";
				VALIDATE_PRODUCT = YES;
			};
			name = Release;
		};
		EDA3457D25D344100007725F /* Debug */ = {
			isa = XCBuildConfiguration;
			buildSettings = {
				ASSETCATALOG_COMPILER_APPICON_NAME = AppIcon;
				ASSETCATALOG_COMPILER_GLOBAL_ACCENT_COLOR_NAME = AccentColor;
				CODE_SIGN_STYLE = Automatic;
				DEVELOPMENT_ASSET_PATHS = "\"BasketballCards/Preview Content\"";
				DEVELOPMENT_TEAM = 28XNS47Q3J;
				ENABLE_PREVIEWS = YES;
				INFOPLIST_FILE = BasketballCards/Info.plist;
				IPHONEOS_DEPLOYMENT_TARGET = 14.0;
				LD_RUNPATH_SEARCH_PATHS = (
					"$(inherited)",
					"@executable_path/Frameworks",
				);
				PRODUCT_BUNDLE_IDENTIFIER = com.bsonollc.BasketballCards;
				PRODUCT_NAME = "$(TARGET_NAME)";
				SWIFT_VERSION = 5.0;
				TARGETED_DEVICE_FAMILY = "1,2";
			};
			name = Debug;
		};
		EDA3457E25D344100007725F /* Release */ = {
			isa = XCBuildConfiguration;
			buildSettings = {
				ASSETCATALOG_COMPILER_APPICON_NAME = AppIcon;
				ASSETCATALOG_COMPILER_GLOBAL_ACCENT_COLOR_NAME = AccentColor;
				CODE_SIGN_STYLE = Automatic;
				DEVELOPMENT_ASSET_PATHS = "\"BasketballCards/Preview Content\"";
				DEVELOPMENT_TEAM = 28XNS47Q3J;
				ENABLE_PREVIEWS = YES;
				INFOPLIST_FILE = BasketballCards/Info.plist;
				IPHONEOS_DEPLOYMENT_TARGET = 14.0;
				LD_RUNPATH_SEARCH_PATHS = (
					"$(inherited)",
					"@executable_path/Frameworks",
				);
				PRODUCT_BUNDLE_IDENTIFIER = com.bsonollc.BasketballCards;
				PRODUCT_NAME = "$(TARGET_NAME)";
				SWIFT_VERSION = 5.0;
				TARGETED_DEVICE_FAMILY = "1,2";
			};
			name = Release;
		};
/* End XCBuildConfiguration section */

/* Begin XCConfigurationList section */
		EDA3456825D3440F0007725F /* Build configuration list for PBXProject "BasketballCards" */ = {
			isa = XCConfigurationList;
			buildConfigurations = (
				EDA3457A25D344100007725F /* Debug */,
				EDA3457B25D344100007725F /* Release */,
			);
			defaultConfigurationIsVisible = 0;
			defaultConfigurationName = Release;
		};
		EDA3457C25D344100007725F /* Build configuration list for PBXNativeTarget "BasketballCards" */ = {
			isa = XCConfigurationList;
			buildConfigurations = (
				EDA3457D25D344100007725F /* Debug */,
				EDA3457E25D344100007725F /* Release */,
			);
			defaultConfigurationIsVisible = 0;
			defaultConfigurationName = Release;
		};
/* End XCConfigurationList section */
	};
	rootObject = EDA3456525D3440F0007725F /* Project object */;
}
